
Microsoft Visual Studio Solution File, Format Version 12.00
# Visual Studio Version 16
VisualStudioVersion = 16.0.30611.23
MinimumVisualStudioVersion = 10.0.40219.1
Project("{FAE04EC0-301F-11D3-BF4B-00C04F79EFBC}") = "programmingCs", "programmingCs.csproj", "{75B1799F-F8D2-43C8-8CC2-95FDAC4B3414}"
EndProject
Global
	GlobalSection(SolutionConfigurationPlatforms) = preSolution
		Debug|Any CPU = Debug|Any CPU
		Release|Any CPU = Release|Any CPU
	EndGlobalSection
	GlobalSection(ProjectConfigurationPlatforms) = postSolution
		{75B1799F-F8D2-43C8-8CC2-95FDAC4B3414}.Debug|Any CPU.ActiveCfg = Debug|Any CPU
		{75B1799F-F8D2-43C8-8CC2-95FDAC4B3414}.Debug|Any CPU.Build.0 = Debug|Any CPU
		{75B1799F-F8D2-43C8-8CC2-95FDAC4B3414}.Release|Any CPU.ActiveCfg = Release|Any CPU
		{75B1799F-F8D2-43C8-8CC2-95FDAC4B3414}.Release|Any CPU.Build.0 = Release|Any CPU
	EndGlobalSection
	GlobalSection(SolutionProperties) = preSolution
		HideSolutionNode = FALSE
	EndGlobalSection
	GlobalSection(ExtensibilityGlobals) = postSolution
		SolutionGuid = {F81D3866-4E75-45C4-BB15-D1C885D16DEA}
	EndGlobalSection
EndGlobal
